
Microsoft Visual Studio Solution File, Format Version 12.00
# Visual Studio Version 17
VisualStudioVersion = 17.4.33213.308
MinimumVisualStudioVersion = 10.0.40219.1
Project("{9A19103F-16F7-4668-BE54-9A1E7A4F7556}") = "CritRework", "CritRework.csproj", "{43F237F7-A9C7-408D-B421-D2C6F35CAE31}"
EndProject
Project("{2150E333-8FDC-42A3-9474-1A3956D46DE8}") = "Solution Items", "Solution Items", "{42B6DE98-42A1-4365-B1F4-604DE62EB9AF}"
	ProjectSection(SolutionItems) = preProject
		.editorconfig = .editorconfig
	EndProjectSection
EndProject
Global
	GlobalSection(SolutionConfigurationPlatforms) = preSolution
		Debug|Any CPU = Debug|Any CPU
		Release|Any CPU = Release|Any CPU
	EndGlobalSection
	GlobalSection(ProjectConfigurationPlatforms) = postSolution
		{43F237F7-A9C7-408D-B421-D2C6F35CAE31}.Debug|Any CPU.ActiveCfg = Debug|Any CPU
		{43F237F7-A9C7-408D-B421-D2C6F35CAE31}.Debug|Any CPU.Build.0 = Debug|Any CPU
		{43F237F7-A9C7-408D-B421-D2C6F35CAE31}.Release|Any CPU.ActiveCfg = Release|Any CPU
		{43F237F7-A9C7-408D-B421-D2C6F35CAE31}.Release|Any CPU.Build.0 = Release|Any CPU
	EndGlobalSection
	GlobalSection(SolutionProperties) = preSolution
		HideSolutionNode = FALSE
	EndGlobalSection
	GlobalSection(ExtensibilityGlobals) = postSolution
		SolutionGuid = {561D2776-52CE-4159-B05E-B8291E787DBF}
	EndGlobalSection
EndGlobal
